github.com/golang-jwt/jwt/v5 v5.1.0 h1:UGKbA/IPjtS6zLcdB7i5TyACMgSbOTiR8qzXgw8HWQU=
github.com/golang-jwt/jwt/v5 v5.1.0/go.mod h1:pqrtFR0X4osieyHYxtmOUWsAWrfe1Q5UVIyoH402zdk=
golang.org/x/crypto v0.19.0 h1:ENy+Az/9Y1vSrlrvBSyna3PITt4tiZLf7sgCjZBX7Wo=
golang.org/x/crypto v0.19.0/go.mod h1:Iy9bg/ha4yyC70EfRS8jz+B6ybOBKMaSxLj6P6oBDfU=
